
Microsoft Visual Studio Solution File, Format Version 12.00
# Visual Studio Version 17
VisualStudioVersion = 17.1.32421.90
MinimumVisualStudioVersion = 10.0.40219.1
Project("{FAE04EC0-301F-11D3-BF4B-00C04F79EFBC}") = "PersonalBlog.Repository", "PersonalBlog.Repository\PersonalBlog.Repository.csproj", "{7033F6F8-9195-4E9C-B6BA-144CA441D891}"
EndProject
Project("{FAE04EC0-301F-11D3-BF4B-00C04F79EFBC}") = "PersonalBlog.DataAccess", "PersonalBlog.DataAccess\PersonalBlog.DataAccess.csproj", "{2926E1EC-954E-48E1-A68C-C4BAF6ED338A}"
EndProject
Project("{FAE04EC0-301F-11D3-BF4B-00C04F79EFBC}") = "PersonalBlog.Core", "PersonalBlog.Core\PersonalBlog.Core.csproj", "{810A040F-A006-4FAF-9A25-45428A6E1A7D}"
EndProject
Project("{FAE04EC0-301F-11D3-BF4B-00C04F79EFBC}") = "PersonalBlog.Business", "PersonalBlog.Business\PersonalBlog.Business.csproj", "{1D237405-DDF3-406F-A112-DCF10CE37865}"
EndProject
Project("{FAE04EC0-301F-11D3-BF4B-00C04F79EFBC}") = "PersonalBlog.Api", "PersonalBlog.Api\PersonalBlog.Api.csproj", "{05C3E503-EF64-438C-B8F5-1125A6E72D0F}"
EndProject
Global
	GlobalSection(SolutionConfigurationPlatforms) = preSolution
		Debug|Any CPU = Debug|Any CPU
		Release|Any CPU = Release|Any CPU
	EndGlobalSection
	GlobalSection(ProjectConfigurationPlatforms) = postSolution
		{7033F6F8-9195-4E9C-B6BA-144CA441D891}.Debug|Any CPU.ActiveCfg = Debug|Any CPU
		{7033F6F8-9195-4E9C-B6BA-144CA441D891}.Debug|Any CPU.Build.0 = Debug|Any CPU
		{7033F6F8-9195-4E9C-B6BA-144CA441D891}.Release|Any CPU.ActiveCfg = Release|Any CPU
		{7033F6F8-9195-4E9C-B6BA-144CA441D891}.Release|Any CPU.Build.0 = Release|Any CPU
		{2926E1EC-954E-48E1-A68C-C4BAF6ED338A}.Debug|Any CPU.ActiveCfg = Debug|Any CPU
		{2926E1EC-954E-48E1-A68C-C4BAF6ED338A}.Debug|Any CPU.Build.0 = Debug|Any CPU
		{2926E1EC-954E-48E1-A68C-C4BAF6ED338A}.Release|Any CPU.ActiveCfg = Release|Any CPU
		{2926E1EC-954E-48E1-A68C-C4BAF6ED338A}.Release|Any CPU.Build.0 = Release|Any CPU
		{810A040F-A006-4FAF-9A25-45428A6E1A7D}.Debug|Any CPU.ActiveCfg = Debug|Any CPU
		{810A040F-A006-4FAF-9A25-45428A6E1A7D}.Debug|Any CPU.Build.0 = Debug|Any CPU
		{810A040F-A006-4FAF-9A25-45428A6E1A7D}.Release|Any CPU.ActiveCfg = Release|Any CPU
		{810A040F-A006-4FAF-9A25-45428A6E1A7D}.Release|Any CPU.Build.0 = Release|Any CPU
		{1D237405-DDF3-406F-A112-DCF10CE37865}.Debug|Any CPU.ActiveCfg = Debug|Any CPU
		{1D237405-DDF3-406F-A112-DCF10CE37865}.Debug|Any CPU.Build.0 = Debug|Any CPU
		{1D237405-DDF3-406F-A112-DCF10CE37865}.Release|Any CPU.ActiveCfg = Release|Any CPU
		{1D237405-DDF3-406F-A112-DCF10CE37865}.Release|Any CPU.Build.0 = Release|Any CPU
		{05C3E503-EF64-438C-B8F5-1125A6E72D0F}.Debug|Any CPU.ActiveCfg = Debug|Any CPU
		{05C3E503-EF64-438C-B8F5-1125A6E72D0F}.Debug|Any CPU.Build.0 = Debug|Any CPU
		{05C3E503-EF64-438C-B8F5-1125A6E72D0F}.Release|Any CPU.ActiveCfg = Release|Any CPU
		{05C3E503-EF64-438C-B8F5-1125A6E72D0F}.Release|Any CPU.Build.0 = Release|Any CPU
	EndGlobalSection
	GlobalSection(SolutionProperties) = preSolution
		HideSolutionNode = FALSE
	EndGlobalSection
	GlobalSection(ExtensibilityGlobals) = postSolution
		SolutionGuid = {831D9556-04A4-4F64-85DC-8801901B4863}
	EndGlobalSection
EndGlobal
